{
  "requires": true,
  "lockfileVersion": 1,
  "dependencies": {
    "@github/auto-complete-element": {
      "version": "0.7.0",
      "resolved": "https://registry.npmjs.org/@github/auto-complete-element/-/auto-complete-element-0.7.0.tgz",
      "integrity": "sha512-QDlo2g4PTy5Br/iNtQHFUiGyjlKEsqoia933FL9vSMSDB2P2cxbYsd1OVDR9AqzvT5f3slRLLH9iTjoHmcoKiA=="
    }
  }
}
